<Project ToolsVersion="4.0" xmlns="http://schemas.microsoft.com/developer/msbuild/2003">
  <ItemGroup>
    <Filter Include="Source Files">
      <UniqueIdentifier>{4FC737F1-C7A5-4376-A066-2A32D752A2FF}</UniqueIdentifier>
      <Extensions>cpp;c;cc;cxx;def;odl;idl;hpj;bat;asm;asmx</Extensions>
    </Filter>
    <Filter Include="Header Files">
      <UniqueIdentifier>{93995380-89BD-4b04-88EB-625FBE52EBFB}</UniqueIdentifier>
      <Extensions>h;hpp;hxx;hm;inl;inc;xsd</Extensions>
    </Filter>
    <Filter Include="Resource Files">
      <UniqueIdentifier>{67DA6AB6-F800-4c08-8B7A-83BB121AAD01}</UniqueIdentifier>
      <Extensions>rc;ico;cur;bmp;dlg;rc2;rct;bin;rgs;gif;jpg;jpeg;jpe;resx;tiff;tif;png;wav</Extensions>
    </Filter>
    <Filter Include="Blocks">
      <UniqueIdentifier>{DBAFB9A1-1009-4C04-8936-A7B99FDC95EF}</UniqueIdentifier>
    </Filter>
    <Filter Include="Blocks\ciXtract">
      <UniqueIdentifier>{8F392732-6180-41FE-AD1B-E73642A1C60D}</UniqueIdentifier>
    </Filter>
    <Filter Include="Blocks\ciXtract\src">
      <UniqueIdentifier>{566B1F1B-8BB2-41D5-A628-38792A89AE25}</UniqueIdentifier>
    </Filter>
    <Filter Include="Blocks\ciXtract\src\LibXtract">
      <UniqueIdentifier>{547EEADA-FEE3-4BB5-90B7-2175458812A2}</UniqueIdentifier>
    </Filter>
    <Filter Include="Blocks\ciXtract\src\LibXtract\src">
      <UniqueIdentifier>{9454DD6A-3E43-4D9A-BE12-F0A0132A7BCD}</UniqueIdentifier>
    </Filter>
    <Filter Include="Blocks\ciXtract\src\LibXtract\src\dywapitchtrack">
      <UniqueIdentifier>{BE4869E1-AF3E-4FC7-85BE-50223FD04BFE}</UniqueIdentifier>
    </Filter>
    <Filter Include="Blocks\ciXtract\src\LibXtract\xtract">
      <UniqueIdentifier>{3669C520-0D39-463C-808C-937EE4169D11}</UniqueIdentifier>
    </Filter>
    <Filter Include="Blocks\ciXtract\src\LibXtract\src\ooura">
      <UniqueIdentifier>{B6119568-A7B6-4650-94F8-7EC46A841B1E}</UniqueIdentifier>
    </Filter>
  </ItemGroup>
  <ItemGroup>
    <ClCompile Include="..\src\SoundParticlesApp.cpp">
      <Filter>Source Files</Filter>
    </ClCompile>
    <ClCompile Include="..\src\SoundParticlesApp.cpp">
      <Filter>Source Files</Filter>
    </ClCompile>
    <ClInclude Include="..\include\Resources.h">
      <Filter>Header Files</Filter>
    </ClInclude>
    <ClCompile Include="..\..\..\blocks\ciXtract\src\ciXtract.cpp">
      <Filter>Blocks\ciXtract\src</Filter>
    </ClCompile>
    <ClCompile Include="..\..\..\blocks\ciXtract\src\ciXtractFeature.cpp">
      <Filter>Blocks\ciXtract\src</Filter>
    </ClCompile>
    <ClCompile Include="..\..\..\blocks\ciXtract\src\LibXtract\src\delta.c">
      <Filter>Blocks\ciXtract\src\LibXtract\src</Filter>
    </ClCompile>
    <ClCompile Include="..\..\..\blocks\ciXtract\src\LibXtract\src\descriptors.c">
      <Filter>Blocks\ciXtract\src\LibXtract\src</Filter>
    </ClCompile>
    <ClCompile Include="..\..\..\blocks\ciXtract\src\LibXtract\src\fini.c">
      <Filter>Blocks\ciXtract\src\LibXtract\src</Filter>
    </ClCompile>
    <ClCompile Include="..\..\..\blocks\ciXtract\src\LibXtract\src\helper.c">
      <Filter>Blocks\ciXtract\src\LibXtract\src</Filter>
    </ClCompile>
    <ClCompile Include="..\..\..\blocks\ciXtract\src\LibXtract\src\init.c">
      <Filter>Blocks\ciXtract\src\LibXtract\src</Filter>
    </ClCompile>
    <ClCompile Include="..\..\..\blocks\ciXtract\src\LibXtract\src\libxtract.c">
      <Filter>Blocks\ciXtract\src\LibXtract\src</Filter>
    </ClCompile>
    <ClCompile Include="..\..\..\blocks\ciXtract\src\LibXtract\src\scalar.c">
      <Filter>Blocks\ciXtract\src\LibXtract\src</Filter>
    </ClCompile>
    <ClCompile Include="..\..\..\blocks\ciXtract\src\LibXtract\src\vector.c">
      <Filter>Blocks\ciXtract\src\LibXtract\src</Filter>
    </ClCompile>
    <ClCompile Include="..\..\..\blocks\ciXtract\src\LibXtract\src\window.c">
      <Filter>Blocks\ciXtract\src\LibXtract\src</Filter>
    </ClCompile>
    <ClCompile Include="..\..\..\blocks\ciXtract\src\LibXtract\src\dywapitchtrack\dywapitchtrack.c">
      <Filter>Blocks\ciXtract\src\LibXtract\src\dywapitchtrack</Filter>
    </ClCompile>
    <ClInclude Include="..\..\..\blocks\ciXtract\src\ciXtract.h">
      <Filter>Blocks\ciXtract\src</Filter>
    </ClInclude>
    <ClInclude Include="..\..\..\blocks\ciXtract\src\ciXtractFeature.h">
      <Filter>Blocks\ciXtract\src</Filter>
    </ClInclude>
    <ClInclude Include="..\..\..\blocks\ciXtract\src\LibXtract\src\fft.h">
      <Filter>Blocks\ciXtract\src\LibXtract\src</Filter>
    </ClInclude>
    <ClInclude Include="..\..\..\blocks\ciXtract\src\LibXtract\src\xtract_globals_private.h">
      <Filter>Blocks\ciXtract\src\LibXtract\src</Filter>
    </ClInclude>
    <ClInclude Include="..\..\..\blocks\ciXtract\src\LibXtract\src\xtract_macros_private.h">
      <Filter>Blocks\ciXtract\src\LibXtract\src</Filter>
    </ClInclude>
    <ClInclude Include="..\..\..\blocks\ciXtract\src\LibXtract\src\xtract_window_private.h">
      <Filter>Blocks\ciXtract\src\LibXtract\src</Filter>
    </ClInclude>
    <ClInclude Include="..\..\..\blocks\ciXtract\src\LibXtract\src\dywapitchtrack\dywapitchtrack.h">
      <Filter>Blocks\ciXtract\src\LibXtract\src\dywapitchtrack</Filter>
    </ClInclude>
    <ClInclude Include="..\..\..\blocks\ciXtract\src\LibXtract\xtract\libxtract.h">
      <Filter>Blocks\ciXtract\src\LibXtract\xtract</Filter>
    </ClInclude>
    <ClInclude Include="..\..\..\blocks\ciXtract\src\LibXtract\xtract\xtract_delta.h">
      <Filter>Blocks\ciXtract\src\LibXtract\xtract</Filter>
    </ClInclude>
    <ClInclude Include="..\..\..\blocks\ciXtract\src\LibXtract\xtract\xtract_helper.h">
      <Filter>Blocks\ciXtract\src\LibXtract\xtract</Filter>
    </ClInclude>
    <ClInclude Include="..\..\..\blocks\ciXtract\src\LibXtract\xtract\xtract_macros.h">
      <Filter>Blocks\ciXtract\src\LibXtract\xtract</Filter>
    </ClInclude>
    <ClInclude Include="..\..\..\blocks\ciXtract\src\LibXtract\xtract\xtract_scalar.h">
      <Filter>Blocks\ciXtract\src\LibXtract\xtract</Filter>
    </ClInclude>
    <ClInclude Include="..\..\..\blocks\ciXtract\src\LibXtract\xtract\xtract_types.h">
      <Filter>Blocks\ciXtract\src\LibXtract\xtract</Filter>
    </ClInclude>
    <ClInclude Include="..\..\..\blocks\ciXtract\src\LibXtract\xtract\xtract_vector.h">
      <Filter>Blocks\ciXtract\src\LibXtract\xtract</Filter>
    </ClInclude>
    <ClCompile Include="..\..\..\blocks\ciXtract\src\LibXtract\src\ooura\fftsg.c">
      <Filter>Blocks\ciXtract\src\LibXtract\src\ooura</Filter>
    </ClCompile>
    <ClInclude Include="..\..\..\blocks\ciXtract\src\LibXtract\src\ooura\fftsg.h">
      <Filter>Blocks\ciXtract\src\LibXtract\src\ooura</Filter>
    </ClInclude>
  </ItemGroup>
  <ItemGroup>
    <ClInclude Include="..\include\Resources.h">
      <Filter>Header Files</Filter>
    </ClInclude>
  </ItemGroup>
  <ItemGroup>
    <ResourceCompile Include="Resources.rc">
      <Filter>Resource Files</Filter>
    </ResourceCompile>
  </ItemGroup>
</Project>
