<Project ToolsVersion="4.0" xmlns="http://schemas.microsoft.com/developer/msbuild/2003">
  <ItemGroup>
    <Filter Include="Source Files">
      <UniqueIdentifier>{4FC737F1-C7A5-4376-A066-2A32D752A2FF}</UniqueIdentifier>
      <Extensions>cpp;c;cc;cxx;def;odl;idl;hpj;bat;asm;asmx</Extensions>
    </Filter>
    <Filter Include="Header Files">
      <UniqueIdentifier>{93995380-89BD-4b04-88EB-625FBE52EBFB}</UniqueIdentifier>
      <Extensions>h;hpp;hxx;hm;inl;inc;xsd</Extensions>
    </Filter>
    <Filter Include="Resource Files">
      <UniqueIdentifier>{67DA6AB6-F800-4c08-8B7A-83BB121AAD01}</UniqueIdentifier>
      <Extensions>rc;ico;cur;bmp;dlg;rc2;rct;bin;rgs;gif;jpg;jpeg;jpe;resx;tiff;tif;png;wav</Extensions>
    </Filter>
    <Filter Include="Blocks">
      <UniqueIdentifier>{DAEB6C8C-D9A6-49D7-A373-FBBE34ECA9C9}</UniqueIdentifier>
    </Filter>
    <Filter Include="Blocks\ciXtract">
      <UniqueIdentifier>{AF61A696-32B6-4EF6-B1A9-997CD2FBA69D}</UniqueIdentifier>
    </Filter>
    <Filter Include="Blocks\ciXtract\src">
      <UniqueIdentifier>{1F8933C3-F3E5-405E-A304-E299AE83CD06}</UniqueIdentifier>
    </Filter>
    <Filter Include="Blocks\ciXtract\src\LibXtract">
      <UniqueIdentifier>{D66F12EF-07B3-4EE0-8E9F-F031934ADCF6}</UniqueIdentifier>
    </Filter>
    <Filter Include="Blocks\ciXtract\src\LibXtract\src">
      <UniqueIdentifier>{75E65496-ABBB-43AD-BE50-4BE40215398C}</UniqueIdentifier>
    </Filter>
    <Filter Include="Blocks\ciXtract\src\LibXtract\src\dywapitchtrack">
      <UniqueIdentifier>{E04E7E6A-A26B-4475-8C13-5592BD7275EB}</UniqueIdentifier>
    </Filter>
    <Filter Include="Blocks\ciXtract\src\LibXtract\xtract">
      <UniqueIdentifier>{293B56F6-C6F2-430F-ADB2-5B4FE26937C3}</UniqueIdentifier>
    </Filter>
    <Filter Include="Blocks\ciXtract\src\LibXtract\src\ooura">
      <UniqueIdentifier>{615641EB-7D17-4D93-8A9B-BAF324602440}</UniqueIdentifier>
    </Filter>
  </ItemGroup>
  <ItemGroup>
    <ClCompile Include="..\src\SoundObjectApp.cpp">
      <Filter>Source Files</Filter>
    </ClCompile>
    <ClCompile Include="..\src\SoundObjectApp.cpp">
      <Filter>Source Files</Filter>
    </ClCompile>
    <ClInclude Include="..\include\Resources.h">
      <Filter>Header Files</Filter>
    </ClInclude>
    <ClCompile Include="..\..\..\blocks\ciXtract\src\ciXtract.cpp">
      <Filter>Blocks\ciXtract\src</Filter>
    </ClCompile>
    <ClCompile Include="..\..\..\blocks\ciXtract\src\ciXtractFeature.cpp">
      <Filter>Blocks\ciXtract\src</Filter>
    </ClCompile>
    <ClCompile Include="..\..\..\blocks\ciXtract\src\LibXtract\src\delta.c">
      <Filter>Blocks\ciXtract\src\LibXtract\src</Filter>
    </ClCompile>
    <ClCompile Include="..\..\..\blocks\ciXtract\src\LibXtract\src\descriptors.c">
      <Filter>Blocks\ciXtract\src\LibXtract\src</Filter>
    </ClCompile>
    <ClCompile Include="..\..\..\blocks\ciXtract\src\LibXtract\src\fini.c">
      <Filter>Blocks\ciXtract\src\LibXtract\src</Filter>
    </ClCompile>
    <ClCompile Include="..\..\..\blocks\ciXtract\src\LibXtract\src\helper.c">
      <Filter>Blocks\ciXtract\src\LibXtract\src</Filter>
    </ClCompile>
    <ClCompile Include="..\..\..\blocks\ciXtract\src\LibXtract\src\init.c">
      <Filter>Blocks\ciXtract\src\LibXtract\src</Filter>
    </ClCompile>
    <ClCompile Include="..\..\..\blocks\ciXtract\src\LibXtract\src\libxtract.c">
      <Filter>Blocks\ciXtract\src\LibXtract\src</Filter>
    </ClCompile>
    <ClCompile Include="..\..\..\blocks\ciXtract\src\LibXtract\src\scalar.c">
      <Filter>Blocks\ciXtract\src\LibXtract\src</Filter>
    </ClCompile>
    <ClCompile Include="..\..\..\blocks\ciXtract\src\LibXtract\src\vector.c">
      <Filter>Blocks\ciXtract\src\LibXtract\src</Filter>
    </ClCompile>
    <ClCompile Include="..\..\..\blocks\ciXtract\src\LibXtract\src\window.c">
      <Filter>Blocks\ciXtract\src\LibXtract\src</Filter>
    </ClCompile>
    <ClCompile Include="..\..\..\blocks\ciXtract\src\LibXtract\src\dywapitchtrack\dywapitchtrack.c">
      <Filter>Blocks\ciXtract\src\LibXtract\src\dywapitchtrack</Filter>
    </ClCompile>
    <ClInclude Include="..\..\..\blocks\ciXtract\src\ciXtract.h">
      <Filter>Blocks\ciXtract\src</Filter>
    </ClInclude>
    <ClInclude Include="..\..\..\blocks\ciXtract\src\ciXtractFeature.h">
      <Filter>Blocks\ciXtract\src</Filter>
    </ClInclude>
    <ClInclude Include="..\..\..\blocks\ciXtract\src\LibXtract\src\fft.h">
      <Filter>Blocks\ciXtract\src\LibXtract\src</Filter>
    </ClInclude>
    <ClInclude Include="..\..\..\blocks\ciXtract\src\LibXtract\src\xtract_globals_private.h">
      <Filter>Blocks\ciXtract\src\LibXtract\src</Filter>
    </ClInclude>
    <ClInclude Include="..\..\..\blocks\ciXtract\src\LibXtract\src\xtract_macros_private.h">
      <Filter>Blocks\ciXtract\src\LibXtract\src</Filter>
    </ClInclude>
    <ClInclude Include="..\..\..\blocks\ciXtract\src\LibXtract\src\xtract_window_private.h">
      <Filter>Blocks\ciXtract\src\LibXtract\src</Filter>
    </ClInclude>
    <ClInclude Include="..\..\..\blocks\ciXtract\src\LibXtract\src\dywapitchtrack\dywapitchtrack.h">
      <Filter>Blocks\ciXtract\src\LibXtract\src\dywapitchtrack</Filter>
    </ClInclude>
    <ClInclude Include="..\..\..\blocks\ciXtract\src\LibXtract\xtract\libxtract.h">
      <Filter>Blocks\ciXtract\src\LibXtract\xtract</Filter>
    </ClInclude>
    <ClInclude Include="..\..\..\blocks\ciXtract\src\LibXtract\xtract\xtract_delta.h">
      <Filter>Blocks\ciXtract\src\LibXtract\xtract</Filter>
    </ClInclude>
    <ClInclude Include="..\..\..\blocks\ciXtract\src\LibXtract\xtract\xtract_helper.h">
      <Filter>Blocks\ciXtract\src\LibXtract\xtract</Filter>
    </ClInclude>
    <ClInclude Include="..\..\..\blocks\ciXtract\src\LibXtract\xtract\xtract_macros.h">
      <Filter>Blocks\ciXtract\src\LibXtract\xtract</Filter>
    </ClInclude>
    <ClInclude Include="..\..\..\blocks\ciXtract\src\LibXtract\xtract\xtract_scalar.h">
      <Filter>Blocks\ciXtract\src\LibXtract\xtract</Filter>
    </ClInclude>
    <ClInclude Include="..\..\..\blocks\ciXtract\src\LibXtract\xtract\xtract_types.h">
      <Filter>Blocks\ciXtract\src\LibXtract\xtract</Filter>
    </ClInclude>
    <ClInclude Include="..\..\..\blocks\ciXtract\src\LibXtract\xtract\xtract_vector.h">
      <Filter>Blocks\ciXtract\src\LibXtract\xtract</Filter>
    </ClInclude>
    <ClCompile Include="..\..\..\blocks\ciXtract\src\LibXtract\src\ooura\fftsg.c">
      <Filter>Blocks\ciXtract\src\LibXtract\src\ooura</Filter>
    </ClCompile>
    <ClInclude Include="..\..\..\blocks\ciXtract\src\LibXtract\src\ooura\fftsg.h">
      <Filter>Blocks\ciXtract\src\LibXtract\src\ooura</Filter>
    </ClInclude>
  </ItemGroup>
  <ItemGroup>
    <ClInclude Include="..\include\Resources.h">
      <Filter>Header Files</Filter>
    </ClInclude>
  </ItemGroup>
  <ItemGroup>
    <ResourceCompile Include="Resources.rc">
      <Filter>Resource Files</Filter>
    </ResourceCompile>
  </ItemGroup>
</Project>
